{
  "nodes": {
    "callipyge": {
      "flake": false,
      "locked": {
        "lastModified": 1535980902,
        "narHash": "sha256-ZGDPVVSbuPBIU/lbkLIio7mDulb0AIpSS4ZZ9VY9euY=",
        "owner": "oklm-wsh",
        "repo": "Callipyge",
        "rev": "efe80c64fb9acdf2f9bd0ecd006baa969ab2c257",
        "type": "github"
      },
      "original": {
        "owner": "oklm-wsh",
        "repo": "Callipyge",
        "type": "github"
      }
    },
    "nixpkgs": {
      "locked": {
        "lastModified": 1629048390,
        "narHash": "sha256-do7HuXFSKyj4ulMlRvGigNZCqOaGD9i0M3OLkFQgEAc=",
        "owner": "NixOS",
        "repo": "nixpkgs",
        "rev": "e41ba38114055832e5ba4a851e9c00149eef3e4a",
        "type": "github"
      },
      "original": {
        "owner": "NixOS",
        "ref": "nixos-unstable",
        "repo": "nixpkgs",
        "type": "github"
      }
    },
    "root": {
      "inputs": {
        "callipyge": "callipyge",
        "nixpkgs": "nixpkgs"
      }
    }
  },
  "root": "root",
  "version": 7
}
