{
  "nodes": {
    "callipyge": {
      "flake": false,
      "locked": {
        "lastModified": 1535980902,
        "narHash": "sha256-ZGDPVVSbuPBIU/lbkLIio7mDulb0AIpSS4ZZ9VY9euY=",
        "owner": "oklm-wsh",
        "repo": "Callipyge",
        "rev": "efe80c64fb9acdf2f9bd0ecd006baa969ab2c257",
        "type": "github"
      },
      "original": {
        "owner": "oklm-wsh",
        "repo": "Callipyge",
        "type": "github"
      }
    },
    "chacha": {
      "flake": false,
      "locked": {
        "lastModified": 1544045891,
        "narHash": "sha256-mgZooyfxrKBVQFn01B8PULmFUW9Zq5HJfgHCSJSkJo4=",
        "owner": "burgerdev",
        "repo": "ocaml-rfc7748",
        "rev": "005541d49905775823110981d5f81a00eb3e724f",
        "type": "github"
      },
      "original": {
        "owner": "burgerdev",
        "ref": "v1.0",
        "repo": "ocaml-rfc7748",
        "type": "github"
      }
    },
    "nixpkgs": {
      "locked": {
        "lastModified": 1629048390,
        "narHash": "sha256-do7HuXFSKyj4ulMlRvGigNZCqOaGD9i0M3OLkFQgEAc=",
        "owner": "NixOS",
        "repo": "nixpkgs",
        "rev": "e41ba38114055832e5ba4a851e9c00149eef3e4a",
        "type": "github"
      },
      "original": {
        "owner": "NixOS",
        "ref": "nixos-unstable",
        "repo": "nixpkgs",
        "type": "github"
      }
    },
    "rfc7748": {
      "flake": false,
      "locked": {
        "lastModified": 1604094585,
        "narHash": "sha256-26w6YcjBgfe2Fz/Z0RvCdU0MR4MAxIk2HGQ0ri0rrqU=",
        "owner": "burgerdev",
        "repo": "ocaml-rfc7748",
        "rev": "ed034213ff02cd55870ae1387e91deebc9838eb4",
        "type": "github"
      },
      "original": {
        "owner": "burgerdev",
        "repo": "ocaml-rfc7748",
        "type": "github"
      }
    },
    "root": {
      "inputs": {
        "callipyge": "callipyge",
        "chacha": "chacha",
        "nixpkgs": "nixpkgs",
        "rfc7748": "rfc7748"
      }
    }
  },
  "root": "root",
  "version": 7
}
